
Microsoft Visual Studio Solution File, Format Version 12.00
# Visual Studio 15
VisualStudioVersion = 15.0.34112.143
MinimumVisualStudioVersion = 10.0.40219.1
Project("{FAE04EC0-301F-11D3-BF4B-00C04F79EFBC}") = "NTXUAN.TOOL", "NTXUAN.TOOL.csproj", "{14D9E05D-47D1-4C8D-907A-C135D6C4BDF7}"
EndProject
Global
	GlobalSection(SolutionConfigurationPlatforms) = preSolution
		Debug|Any CPU = Debug|Any CPU
		Release|Any CPU = Release|Any CPU
	EndGlobalSection
	GlobalSection(ProjectConfigurationPlatforms) = postSolution
		{14D9E05D-47D1-4C8D-907A-C135D6C4BDF7}.Debug|Any CPU.ActiveCfg = Debug|Any CPU
		{14D9E05D-47D1-4C8D-907A-C135D6C4BDF7}.Debug|Any CPU.Build.0 = Debug|Any CPU
		{14D9E05D-47D1-4C8D-907A-C135D6C4BDF7}.Release|Any CPU.ActiveCfg = Release|Any CPU
		{14D9E05D-47D1-4C8D-907A-C135D6C4BDF7}.Release|Any CPU.Build.0 = Release|Any CPU
	EndGlobalSection
	GlobalSection(SolutionProperties) = preSolution
		HideSolutionNode = FALSE
	EndGlobalSection
	GlobalSection(ExtensibilityGlobals) = postSolution
		SolutionGuid = {647D3055-3C0F-47F2-AA34-F24CBD3D02B2}
	EndGlobalSection
EndGlobal
